<Solution>
  <Folder Name="/src/">
    <Project Path="src/KoalaBooks.AppHost/KoalaBooks.AppHost.csproj" />
    <Project Path="src/KoalaBooks.AppHostSupport/KoalaBooks.AppHostSupport.csproj" />
    <Project Path="src/KoalaBooks.Application/KoalaBooks.Application.csproj" />
    <Project Path="src/KoalaBooks.Components/KoalaBooks.Components.csproj" />
    <Project Path="src/KoalaBooks.Domain/KoalaBooks.Domain.csproj" />
    <Project Path="src/KoalaBooks.Infrastructure/KoalaBooks.Infrastructure.csproj" />
    <Project Path="src/KoalaBooks.ServiceDefaults/KoalaBooks.ServiceDefaults.csproj" />
    <Project Path="src/KoalaBooks.Web/KoalaBooks.Web.csproj" />
  </Folder>
  <Folder Name="/tests/">
    <Project Path="tests/KoalaBooks.ComponentTests/KoalaBooks.ComponentTests.csproj" />
    <Project Path="tests/KoalaBooks.Tests/KoalaBooks.Tests.csproj" />
  </Folder>
</Solution>
